// !$*UTF8*$!
{
	archiveVersion = 1;
	classes = {
	};
	objectVersion = 50;
	objects = {

/* Begin PBXBuildFile section */
		6529AA2524E4D42100BF9699 /* Cache.swift in Sources */ = {isa = PBXBuildFile; fileRef = 6529AA2424E4D42100BF9699 /* Cache.swift */; };
		6541E39324E0B5D80000564D /* GenerationData.swift in Sources */ = {isa = PBXBuildFile; fileRef = 6541E39224E0B5D80000564D /* GenerationData.swift */; };
		6554E7BC24D4E09B00081EA9 /* AppDelegate.swift in Sources */ = {isa = PBXBuildFile; fileRef = 6554E7BB24D4E09B00081EA9 /* AppDelegate.swift */; };
		6554E7BE24D4E09B00081EA9 /* SceneDelegate.swift in Sources */ = {isa = PBXBuildFile; fileRef = 6554E7BD24D4E09B00081EA9 /* SceneDelegate.swift */; };
		6554E7C024D4E09B00081EA9 /* PokeDexVC.swift in Sources */ = {isa = PBXBuildFile; fileRef = 6554E7BF24D4E09B00081EA9 /* PokeDexVC.swift */; };
		6554E7C324D4E09B00081EA9 /* Main.storyboard in Resources */ = {isa = PBXBuildFile; fileRef = 6554E7C124D4E09B00081EA9 /* Main.storyboard */; };
		6554E7C524D4E09E00081EA9 /* Assets.xcassets in Resources */ = {isa = PBXBuildFile; fileRef = 6554E7C424D4E09E00081EA9 /* Assets.xcassets */; };
		6554E7C824D4E09E00081EA9 /* LaunchScreen.storyboard in Resources */ = {isa = PBXBuildFile; fileRef = 6554E7C624D4E09E00081EA9 /* LaunchScreen.storyboard */; };
		6554E7D324D4E09E00081EA9 /* PokeTeamTests.swift in Sources */ = {isa = PBXBuildFile; fileRef = 6554E7D224D4E09E00081EA9 /* PokeTeamTests.swift */; };
		6554E7DE24D4E09E00081EA9 /* PokeTeamUITests.swift in Sources */ = {isa = PBXBuildFile; fileRef = 6554E7DD24D4E09E00081EA9 /* PokeTeamUITests.swift */; };
		6554E7EF24D4E15D00081EA9 /* Pokedex.swift in Sources */ = {isa = PBXBuildFile; fileRef = 6554E7EE24D4E15C00081EA9 /* Pokedex.swift */; };
		6554E7F124D4E16C00081EA9 /* Pokemon.swift in Sources */ = {isa = PBXBuildFile; fileRef = 6554E7F024D4E16C00081EA9 /* Pokemon.swift */; };
		6554E7F424D4E18800081EA9 /* PokemonManager.swift in Sources */ = {isa = PBXBuildFile; fileRef = 6554E7F324D4E18800081EA9 /* PokemonManager.swift */; };
		656DD47424DF48C900C9EC16 /* TypeLabel.swift in Sources */ = {isa = PBXBuildFile; fileRef = 656DD47324DF48C900C9EC16 /* TypeLabel.swift */; };
		6599203D24D8F1EE0082F51C /* SpeciesData.swift in Sources */ = {isa = PBXBuildFile; fileRef = 6599203C24D8F1EE0082F51C /* SpeciesData.swift */; };
		6599203F24D8F20F0082F51C /* PokemonData.swift in Sources */ = {isa = PBXBuildFile; fileRef = 6599203E24D8F20F0082F51C /* PokemonData.swift */; };
		6599204324DA25C90082F51C /* PokemonAbility.swift in Sources */ = {isa = PBXBuildFile; fileRef = 6599204224DA25C90082F51C /* PokemonAbility.swift */; };
		6599204524DA25D50082F51C /* PokemonMove.swift in Sources */ = {isa = PBXBuildFile; fileRef = 6599204424DA25D50082F51C /* PokemonMove.swift */; };
		6599204724DA29800082F51C /* MoveData.swift in Sources */ = {isa = PBXBuildFile; fileRef = 6599204624DA29800082F51C /* MoveData.swift */; };
		6599204924DA30530082F51C /* AbilityData.swift in Sources */ = {isa = PBXBuildFile; fileRef = 6599204824DA30530082F51C /* AbilityData.swift */; };
		65DBB9D724D8C920003450A0 /* PokemonDetailVC.swift in Sources */ = {isa = PBXBuildFile; fileRef = 65DBB9D624D8C920003450A0 /* PokemonDetailVC.swift */; };
		65DBB9D924D8D567003450A0 /* FontKit.swift in Sources */ = {isa = PBXBuildFile; fileRef = 65DBB9D824D8D567003450A0 /* FontKit.swift */; };
		65DBB9DB24D8D8FB003450A0 /* CustomUILabel.swift in Sources */ = {isa = PBXBuildFile; fileRef = 65DBB9DA24D8D8FB003450A0 /* CustomUILabel.swift */; };
/* End PBXBuildFile section */

/* Begin PBXContainerItemProxy section */
		6554E7CF24D4E09E00081EA9 /* PBXContainerItemProxy */ = {
			isa = PBXContainerItemProxy;
			containerPortal = 6554E7B024D4E09B00081EA9 /* Project object */;
			proxyType = 1;
			remoteGlobalIDString = 6554E7B724D4E09B00081EA9;
			remoteInfo = PokeTeam;
		};
		6554E7DA24D4E09E00081EA9 /* PBXContainerItemProxy */ = {
			isa = PBXContainerItemProxy;
			containerPortal = 6554E7B024D4E09B00081EA9 /* Project object */;
			proxyType = 1;
			remoteGlobalIDString = 6554E7B724D4E09B00081EA9;
			remoteInfo = PokeTeam;
		};
/* End PBXContainerItemProxy section */

/* Begin PBXFileReference section */
		6529AA2424E4D42100BF9699 /* Cache.swift */ = {isa = PBXFileReference; lastKnownFileType = sourcecode.swift; path = Cache.swift; sourceTree = "<group>"; };
		6541E39224E0B5D80000564D /* GenerationData.swift */ = {isa = PBXFileReference; lastKnownFileType = sourcecode.swift; path = GenerationData.swift; sourceTree = "<group>"; };
		6554E7B824D4E09B00081EA9 /* PokeTeam.app */ = {isa = PBXFileReference; explicitFileType = wrapper.application; includeInIndex = 0; path = PokeTeam.app; sourceTree = BUILT_PRODUCTS_DIR; };
		6554E7BB24D4E09B00081EA9 /* AppDelegate.swift */ = {isa = PBXFileReference; lastKnownFileType = sourcecode.swift; path = AppDelegate.swift; sourceTree = "<group>"; };
		6554E7BD24D4E09B00081EA9 /* SceneDelegate.swift */ = {isa = PBXFileReference; lastKnownFileType = sourcecode.swift; path = SceneDelegate.swift; sourceTree = "<group>"; };
		6554E7BF24D4E09B00081EA9 /* PokeDexVC.swift */ = {isa = PBXFileReference; lastKnownFileType = sourcecode.swift; path = PokeDexVC.swift; sourceTree = "<group>"; };
		6554E7C224D4E09B00081EA9 /* Base */ = {isa = PBXFileReference; lastKnownFileType = file.storyboard; name = Base; path = Base.lproj/Main.storyboard; sourceTree = "<group>"; };
		6554E7C424D4E09E00081EA9 /* Assets.xcassets */ = {isa = PBXFileReference; lastKnownFileType = folder.assetcatalog; path = Assets.xcassets; sourceTree = "<group>"; };
		6554E7C724D4E09E00081EA9 /* Base */ = {isa = PBXFileReference; lastKnownFileType = file.storyboard; name = Base; path = Base.lproj/LaunchScreen.storyboard; sourceTree = "<group>"; };
		6554E7C924D4E09E00081EA9 /* Info.plist */ = {isa = PBXFileReference; lastKnownFileType = text.plist.xml; path = Info.plist; sourceTree = "<group>"; };
		6554E7CE24D4E09E00081EA9 /* PokeTeamTests.xctest */ = {isa = PBXFileReference; explicitFileType = wrapper.cfbundle; includeInIndex = 0; path = PokeTeamTests.xctest; sourceTree = BUILT_PRODUCTS_DIR; };
		6554E7D224D4E09E00081EA9 /* PokeTeamTests.swift */ = {isa = PBXFileReference; lastKnownFileType = sourcecode.swift; path = PokeTeamTests.swift; sourceTree = "<group>"; };
		6554E7D424D4E09E00081EA9 /* Info.plist */ = {isa = PBXFileReference; lastKnownFileType = text.plist.xml; path = Info.plist; sourceTree = "<group>"; };
		6554E7D924D4E09E00081EA9 /* PokeTeamUITests.xctest */ = {isa = PBXFileReference; explicitFileType = wrapper.cfbundle; includeInIndex = 0; path = PokeTeamUITests.xctest; sourceTree = BUILT_PRODUCTS_DIR; };
		6554E7DD24D4E09E00081EA9 /* PokeTeamUITests.swift */ = {isa = PBXFileReference; lastKnownFileType = sourcecode.swift; path = PokeTeamUITests.swift; sourceTree = "<group>"; };
		6554E7DF24D4E09E00081EA9 /* Info.plist */ = {isa = PBXFileReference; lastKnownFileType = text.plist.xml; path = Info.plist; sourceTree = "<group>"; };
		6554E7EE24D4E15C00081EA9 /* Pokedex.swift */ = {isa = PBXFileReference; lastKnownFileType = sourcecode.swift; path = Pokedex.swift; sourceTree = "<group>"; };
		6554E7F024D4E16C00081EA9 /* Pokemon.swift */ = {isa = PBXFileReference; lastKnownFileType = sourcecode.swift; path = Pokemon.swift; sourceTree = "<group>"; };
		6554E7F324D4E18800081EA9 /* PokemonManager.swift */ = {isa = PBXFileReference; lastKnownFileType = sourcecode.swift; path = PokemonManager.swift; sourceTree = "<group>"; };
		656DD47324DF48C900C9EC16 /* TypeLabel.swift */ = {isa = PBXFileReference; lastKnownFileType = sourcecode.swift; path = TypeLabel.swift; sourceTree = "<group>"; };
		6599203C24D8F1EE0082F51C /* SpeciesData.swift */ = {isa = PBXFileReference; lastKnownFileType = sourcecode.swift; path = SpeciesData.swift; sourceTree = "<group>"; };
		6599203E24D8F20F0082F51C /* PokemonData.swift */ = {isa = PBXFileReference; lastKnownFileType = sourcecode.swift; path = PokemonData.swift; sourceTree = "<group>"; };
		6599204224DA25C90082F51C /* PokemonAbility.swift */ = {isa = PBXFileReference; lastKnownFileType = sourcecode.swift; path = PokemonAbility.swift; sourceTree = "<group>"; };
		6599204424DA25D50082F51C /* PokemonMove.swift */ = {isa = PBXFileReference; lastKnownFileType = sourcecode.swift; path = PokemonMove.swift; sourceTree = "<group>"; };
		6599204624DA29800082F51C /* MoveData.swift */ = {isa = PBXFileReference; lastKnownFileType = sourcecode.swift; path = MoveData.swift; sourceTree = "<group>"; };
		6599204824DA30530082F51C /* AbilityData.swift */ = {isa = PBXFileReference; lastKnownFileType = sourcecode.swift; path = AbilityData.swift; sourceTree = "<group>"; };
		65DBB9D624D8C920003450A0 /* PokemonDetailVC.swift */ = {isa = PBXFileReference; lastKnownFileType = sourcecode.swift; path = PokemonDetailVC.swift; sourceTree = "<group>"; };
		65DBB9D824D8D567003450A0 /* FontKit.swift */ = {isa = PBXFileReference; lastKnownFileType = sourcecode.swift; path = FontKit.swift; sourceTree = "<group>"; };
		65DBB9DA24D8D8FB003450A0 /* CustomUILabel.swift */ = {isa = PBXFileReference; lastKnownFileType = sourcecode.swift; path = CustomUILabel.swift; sourceTree = "<group>"; };
/* End PBXFileReference section */

/* Begin PBXFrameworksBuildPhase section */
		6554E7B524D4E09B00081EA9 /* Frameworks */ = {
			isa = PBXFrameworksBuildPhase;
			buildActionMask = 2147483647;
			files = (
			);
			runOnlyForDeploymentPostprocessing = 0;
		};
		6554E7CB24D4E09E00081EA9 /* Frameworks */ = {
			isa = PBXFrameworksBuildPhase;
			buildActionMask = 2147483647;
			files = (
			);
			runOnlyForDeploymentPostprocessing = 0;
		};
		6554E7D624D4E09E00081EA9 /* Frameworks */ = {
			isa = PBXFrameworksBuildPhase;
			buildActionMask = 2147483647;
			files = (
			);
			runOnlyForDeploymentPostprocessing = 0;
		};
/* End PBXFrameworksBuildPhase section */

/* Begin PBXGroup section */
		6554E7AF24D4E09B00081EA9 = {
			isa = PBXGroup;
			children = (
				6554E7BA24D4E09B00081EA9 /* PokeTeam */,
				6554E7D124D4E09E00081EA9 /* PokeTeamTests */,
				6554E7DC24D4E09E00081EA9 /* PokeTeamUITests */,
				6554E7B924D4E09B00081EA9 /* Products */,
			);
			sourceTree = "<group>";
		};
		6554E7B924D4E09B00081EA9 /* Products */ = {
			isa = PBXGroup;
			children = (
				6554E7B824D4E09B00081EA9 /* PokeTeam.app */,
				6554E7CE24D4E09E00081EA9 /* PokeTeamTests.xctest */,
				6554E7D924D4E09E00081EA9 /* PokeTeamUITests.xctest */,
			);
			name = Products;
			sourceTree = "<group>";
		};
		6554E7BA24D4E09B00081EA9 /* PokeTeam */ = {
			isa = PBXGroup;
			children = (
				65EB183924E4B09F00D6299B /* Utilities */,
				65869DEE24D4FE9100AF897F /* Assets */,
				6554E7BB24D4E09B00081EA9 /* AppDelegate.swift */,
				6554E7BD24D4E09B00081EA9 /* SceneDelegate.swift */,
				6554E7ED24D4E14600081EA9 /* Models */,
				6554E7EB24D4E11C00081EA9 /* Views */,
				6554E7EC24D4E12A00081EA9 /* Controllers */,
				6554E7C924D4E09E00081EA9 /* Info.plist */,
			);
			path = PokeTeam;
			sourceTree = "<group>";
		};
		6554E7D124D4E09E00081EA9 /* PokeTeamTests */ = {
			isa = PBXGroup;
			children = (
				6554E7D224D4E09E00081EA9 /* PokeTeamTests.swift */,
				6554E7D424D4E09E00081EA9 /* Info.plist */,
			);
			path = PokeTeamTests;
			sourceTree = "<group>";
		};
		6554E7DC24D4E09E00081EA9 /* PokeTeamUITests */ = {
			isa = PBXGroup;
			children = (
				6554E7DD24D4E09E00081EA9 /* PokeTeamUITests.swift */,
				6554E7DF24D4E09E00081EA9 /* Info.plist */,
			);
			path = PokeTeamUITests;
			sourceTree = "<group>";
		};
		6554E7EB24D4E11C00081EA9 /* Views */ = {
			isa = PBXGroup;
			children = (
				6554E7C624D4E09E00081EA9 /* LaunchScreen.storyboard */,
				6554E7C124D4E09B00081EA9 /* Main.storyboard */,
				65DBB9DA24D8D8FB003450A0 /* CustomUILabel.swift */,
				656DD47324DF48C900C9EC16 /* TypeLabel.swift */,
			);
			path = Views;
			sourceTree = "<group>";
		};
		6554E7EC24D4E12A00081EA9 /* Controllers */ = {
			isa = PBXGroup;
			children = (
				6554E7BF24D4E09B00081EA9 /* PokeDexVC.swift */,
				65DBB9D624D8C920003450A0 /* PokemonDetailVC.swift */,
			);
			path = Controllers;
			sourceTree = "<group>";
		};
		6554E7ED24D4E14600081EA9 /* Models */ = {
			isa = PBXGroup;
			children = (
				6554E7F324D4E18800081EA9 /* PokemonManager.swift */,
				6554E7EE24D4E15C00081EA9 /* Pokedex.swift */,
				6599203E24D8F20F0082F51C /* PokemonData.swift */,
				6599203C24D8F1EE0082F51C /* SpeciesData.swift */,
				6599204624DA29800082F51C /* MoveData.swift */,
				6599204824DA30530082F51C /* AbilityData.swift */,
				6541E39224E0B5D80000564D /* GenerationData.swift */,
				6554E7F024D4E16C00081EA9 /* Pokemon.swift */,
				6599204224DA25C90082F51C /* PokemonAbility.swift */,
				6599204424DA25D50082F51C /* PokemonMove.swift */,
				6529AA2424E4D42100BF9699 /* Cache.swift */,
			);
			path = Models;
			sourceTree = "<group>";
		};
		65869DEE24D4FE9100AF897F /* Assets */ = {
			isa = PBXGroup;
			children = (
				6554E7C424D4E09E00081EA9 /* Assets.xcassets */,
			);
			path = Assets;
			sourceTree = "<group>";
		};
		65EB183924E4B09F00D6299B /* Utilities */ = {
			isa = PBXGroup;
			children = (
				65DBB9D824D8D567003450A0 /* FontKit.swift */,
			);
			path = Utilities;
			sourceTree = "<group>";
		};
/* End PBXGroup section */

/* Begin PBXNativeTarget section */
		6554E7B724D4E09B00081EA9 /* PokeTeam */ = {
			isa = PBXNativeTarget;
			buildConfigurationList = 6554E7E224D4E09E00081EA9 /* Build configuration list for PBXNativeTarget "PokeTeam" */;
			buildPhases = (
				6554E7B424D4E09B00081EA9 /* Sources */,
				6554E7B524D4E09B00081EA9 /* Frameworks */,
				6554E7B624D4E09B00081EA9 /* Resources */,
			);
			buildRules = (
			);
			dependencies = (
			);
			name = PokeTeam;
			productName = PokeTeam;
			productReference = 6554E7B824D4E09B00081EA9 /* PokeTeam.app */;
			productType = "com.apple.product-type.application";
		};
		6554E7CD24D4E09E00081EA9 /* PokeTeamTests */ = {
			isa = PBXNativeTarget;
			buildConfigurationList = 6554E7E524D4E09E00081EA9 /* Build configuration list for PBXNativeTarget "PokeTeamTests" */;
			buildPhases = (
				6554E7CA24D4E09E00081EA9 /* Sources */,
				6554E7CB24D4E09E00081EA9 /* Frameworks */,
				6554E7CC24D4E09E00081EA9 /* Resources */,
			);
			buildRules = (
			);
			dependencies = (
				6554E7D024D4E09E00081EA9 /* PBXTargetDependency */,
			);
			name = PokeTeamTests;
			productName = PokeTeamTests;
			productReference = 6554E7CE24D4E09E00081EA9 /* PokeTeamTests.xctest */;
			productType = "com.apple.product-type.bundle.unit-test";
		};
		6554E7D824D4E09E00081EA9 /* PokeTeamUITests */ = {
			isa = PBXNativeTarget;
			buildConfigurationList = 6554E7E824D4E09E00081EA9 /* Build configuration list for PBXNativeTarget "PokeTeamUITests" */;
			buildPhases = (
				6554E7D524D4E09E00081EA9 /* Sources */,
				6554E7D624D4E09E00081EA9 /* Frameworks */,
				6554E7D724D4E09E00081EA9 /* Resources */,
			);
			buildRules = (
			);
			dependencies = (
				6554E7DB24D4E09E00081EA9 /* PBXTargetDependency */,
			);
			name = PokeTeamUITests;
			productName = PokeTeamUITests;
			productReference = 6554E7D924D4E09E00081EA9 /* PokeTeamUITests.xctest */;
			productType = "com.apple.product-type.bundle.ui-testing";
		};
/* End PBXNativeTarget section */

/* Begin PBXProject section */
		6554E7B024D4E09B00081EA9 /* Project object */ = {
			isa = PBXProject;
			attributes = {
				LastSwiftUpdateCheck = 1160;
				LastUpgradeCheck = 1160;
				ORGANIZATIONNAME = "Jon Duenas";
				TargetAttributes = {
					6554E7B724D4E09B00081EA9 = {
						CreatedOnToolsVersion = 11.6;
					};
					6554E7CD24D4E09E00081EA9 = {
						CreatedOnToolsVersion = 11.6;
						TestTargetID = 6554E7B724D4E09B00081EA9;
					};
					6554E7D824D4E09E00081EA9 = {
						CreatedOnToolsVersion = 11.6;
						TestTargetID = 6554E7B724D4E09B00081EA9;
					};
				};
			};
			buildConfigurationList = 6554E7B324D4E09B00081EA9 /* Build configuration list for PBXProject "PokeTeam" */;
			compatibilityVersion = "Xcode 9.3";
			developmentRegion = en;
			hasScannedForEncodings = 0;
			knownRegions = (
				en,
				Base,
			);
			mainGroup = 6554E7AF24D4E09B00081EA9;
			productRefGroup = 6554E7B924D4E09B00081EA9 /* Products */;
			projectDirPath = "";
			projectRoot = "";
			targets = (
				6554E7B724D4E09B00081EA9 /* PokeTeam */,
				6554E7CD24D4E09E00081EA9 /* PokeTeamTests */,
				6554E7D824D4E09E00081EA9 /* PokeTeamUITests */,
			);
		};
/* End PBXProject section */

/* Begin PBXResourcesBuildPhase section */
		6554E7B624D4E09B00081EA9 /* Resources */ = {
			isa = PBXResourcesBuildPhase;
			buildActionMask = 2147483647;
			files = (
				6554E7C824D4E09E00081EA9 /* LaunchScreen.storyboard in Resources */,
				6554E7C524D4E09E00081EA9 /* Assets.xcassets in Resources */,
				6554E7C324D4E09B00081EA9 /* Main.storyboard in Resources */,
			);
			runOnlyForDeploymentPostprocessing = 0;
		};
		6554E7CC24D4E09E00081EA9 /* Resources */ = {
			isa = PBXResourcesBuildPhase;
			buildActionMask = 2147483647;
			files = (
			);
			runOnlyForDeploymentPostprocessing = 0;
		};
		6554E7D724D4E09E00081EA9 /* Resources */ = {
			isa = PBXResourcesBuildPhase;
			buildActionMask = 2147483647;
			files = (
			);
			runOnlyForDeploymentPostprocessing = 0;
		};
/* End PBXResourcesBuildPhase section */

/* Begin PBXSourcesBuildPhase section */
		6554E7B424D4E09B00081EA9 /* Sources */ = {
			isa = PBXSourcesBuildPhase;
			buildActionMask = 2147483647;
			files = (
				6554E7F124D4E16C00081EA9 /* Pokemon.swift in Sources */,
				6599204524DA25D50082F51C /* PokemonMove.swift in Sources */,
				6554E7EF24D4E15D00081EA9 /* Pokedex.swift in Sources */,
				6599203F24D8F20F0082F51C /* PokemonData.swift in Sources */,
				6554E7C024D4E09B00081EA9 /* PokeDexVC.swift in Sources */,
				6599204924DA30530082F51C /* AbilityData.swift in Sources */,
				6541E39324E0B5D80000564D /* GenerationData.swift in Sources */,
				6554E7BC24D4E09B00081EA9 /* AppDelegate.swift in Sources */,
				65DBB9DB24D8D8FB003450A0 /* CustomUILabel.swift in Sources */,
				656DD47424DF48C900C9EC16 /* TypeLabel.swift in Sources */,
				6529AA2524E4D42100BF9699 /* Cache.swift in Sources */,
				65DBB9D724D8C920003450A0 /* PokemonDetailVC.swift in Sources */,
				6599204724DA29800082F51C /* MoveData.swift in Sources */,
				6599204324DA25C90082F51C /* PokemonAbility.swift in Sources */,
				6554E7BE24D4E09B00081EA9 /* SceneDelegate.swift in Sources */,
				6554E7F424D4E18800081EA9 /* PokemonManager.swift in Sources */,
				6599203D24D8F1EE0082F51C /* SpeciesData.swift in Sources */,
				65DBB9D924D8D567003450A0 /* FontKit.swift in Sources */,
			);
			runOnlyForDeploymentPostprocessing = 0;
		};
		6554E7CA24D4E09E00081EA9 /* Sources */ = {
			isa = PBXSourcesBuildPhase;
			buildActionMask = 2147483647;
			files = (
				6554E7D324D4E09E00081EA9 /* PokeTeamTests.swift in Sources */,
			);
			runOnlyForDeploymentPostprocessing = 0;
		};
		6554E7D524D4E09E00081EA9 /* Sources */ = {
			isa = PBXSourcesBuildPhase;
			buildActionMask = 2147483647;
			files = (
				6554E7DE24D4E09E00081EA9 /* PokeTeamUITests.swift in Sources */,
			);
			runOnlyForDeploymentPostprocessing = 0;
		};
/* End PBXSourcesBuildPhase section */

/* Begin PBXTargetDependency section */
		6554E7D024D4E09E00081EA9 /* PBXTargetDependency */ = {
			isa = PBXTargetDependency;
			target = 6554E7B724D4E09B00081EA9 /* PokeTeam */;
			targetProxy = 6554E7CF24D4E09E00081EA9 /* PBXContainerItemProxy */;
		};
		6554E7DB24D4E09E00081EA9 /* PBXTargetDependency */ = {
			isa = PBXTargetDependency;
			target = 6554E7B724D4E09B00081EA9 /* PokeTeam */;
			targetProxy = 6554E7DA24D4E09E00081EA9 /* PBXContainerItemProxy */;
		};
/* End PBXTargetDependency section */

/* Begin PBXVariantGroup section */
		6554E7C124D4E09B00081EA9 /* Main.storyboard */ = {
			isa = PBXVariantGroup;
			children = (
				6554E7C224D4E09B00081EA9 /* Base */,
			);
			name = Main.storyboard;
			sourceTree = "<group>";
		};
		6554E7C624D4E09E00081EA9 /* LaunchScreen.storyboard */ = {
			isa = PBXVariantGroup;
			children = (
				6554E7C724D4E09E00081EA9 /* Base */,
			);
			name = LaunchScreen.storyboard;
			sourceTree = "<group>";
		};
/* End PBXVariantGroup section */

/* Begin XCBuildConfiguration section */
		6554E7E024D4E09E00081EA9 /* Debug */ = {
			isa = XCBuildConfiguration;
			buildSettings = {
				ALWAYS_SEARCH_USER_PATHS = NO;
				CLANG_ANALYZER_NONNULL = YES;
				CLANG_ANALYZER_NUMBER_OBJECT_CONVERSION = YES_AGGRESSIVE;
				CLANG_CXX_LANGUAGE_STANDARD = "gnu++14";
				CLANG_CXX_LIBRARY = "libc++";
				CLANG_ENABLE_MODULES = YES;
				CLANG_ENABLE_OBJC_ARC = YES;
				CLANG_ENABLE_OBJC_WEAK = YES;
				CLANG_WARN_BLOCK_CAPTURE_AUTORELEASING = YES;
				CLANG_WARN_BOOL_CONVERSION = YES;
				CLANG_WARN_COMMA = YES;
				CLANG_WARN_CONSTANT_CONVERSION = YES;
				CLANG_WARN_DEPRECATED_OBJC_IMPLEMENTATIONS = YES;
				CLANG_WARN_DIRECT_OBJC_ISA_USAGE = YES_ERROR;
				CLANG_WARN_DOCUMENTATION_COMMENTS = YES;
				CLANG_WARN_EMPTY_BODY = YES;
				CLANG_WARN_ENUM_CONVERSION = YES;
				CLANG_WARN_INFINITE_RECURSION = YES;
				CLANG_WARN_INT_CONVERSION = YES;
				CLANG_WARN_NON_LITERAL_NULL_CONVERSION = YES;
				CLANG_WARN_OBJC_IMPLICIT_RETAIN_SELF = YES;
				CLANG_WARN_OBJC_LITERAL_CONVERSION = YES;
				CLANG_WARN_OBJC_ROOT_CLASS = YES_ERROR;
				CLANG_WARN_RANGE_LOOP_ANALYSIS = YES;
				CLANG_WARN_STRICT_PROTOTYPES = YES;
				CLANG_WARN_SUSPICIOUS_MOVE = YES;
				CLANG_WARN_UNGUARDED_AVAILABILITY = YES_AGGRESSIVE;
				CLANG_WARN_UNREACHABLE_CODE = YES;
				CLANG_WARN__DUPLICATE_METHOD_MATCH = YES;
				COPY_PHASE_STRIP = NO;
				DEBUG_INFORMATION_FORMAT = dwarf;
				ENABLE_STRICT_OBJC_MSGSEND = YES;
				ENABLE_TESTABILITY = YES;
				GCC_C_LANGUAGE_STANDARD = gnu11;
				GCC_DYNAMIC_NO_PIC = NO;
				GCC_NO_COMMON_BLOCKS = YES;
				GCC_OPTIMIZATION_LEVEL = 0;
				GCC_PREPROCESSOR_DEFINITIONS = (
					"DEBUG=1",
					"$(inherited)",
				);
				GCC_WARN_64_TO_32_BIT_CONVERSION = YES;
				GCC_WARN_ABOUT_RETURN_TYPE = YES_ERROR;
				GCC_WARN_UNDECLARED_SELECTOR = YES;
				GCC_WARN_UNINITIALIZED_AUTOS = YES_AGGRESSIVE;
				GCC_WARN_UNUSED_FUNCTION = YES;
				GCC_WARN_UNUSED_VARIABLE = YES;
				IPHONEOS_DEPLOYMENT_TARGET = 13.6;
				MTL_ENABLE_DEBUG_INFO = INCLUDE_SOURCE;
				MTL_FAST_MATH = YES;
				ONLY_ACTIVE_ARCH = YES;
				SDKROOT = iphoneos;
				SWIFT_ACTIVE_COMPILATION_CONDITIONS = DEBUG;
				SWIFT_OPTIMIZATION_LEVEL = "-Onone";
			};
			name = Debug;
		};
		6554E7E124D4E09E00081EA9 /* Release */ = {
			isa = XCBuildConfiguration;
			buildSettings = {
				ALWAYS_SEARCH_USER_PATHS = NO;
				CLANG_ANALYZER_NONNULL = YES;
				CLANG_ANALYZER_NUMBER_OBJECT_CONVERSION = YES_AGGRESSIVE;
				CLANG_CXX_LANGUAGE_STANDARD = "gnu++14";
				CLANG_CXX_LIBRARY = "libc++";
				CLANG_ENABLE_MODULES = YES;
				CLANG_ENABLE_OBJC_ARC = YES;
				CLANG_ENABLE_OBJC_WEAK = YES;
				CLANG_WARN_BLOCK_CAPTURE_AUTORELEASING = YES;
				CLANG_WARN_BOOL_CONVERSION = YES;
				CLANG_WARN_COMMA = YES;
				CLANG_WARN_CONSTANT_CONVERSION = YES;
				CLANG_WARN_DEPRECATED_OBJC_IMPLEMENTATIONS = YES;
				CLANG_WARN_DIRECT_OBJC_ISA_USAGE = YES_ERROR;
				CLANG_WARN_DOCUMENTATION_COMMENTS = YES;
				CLANG_WARN_EMPTY_BODY = YES;
				CLANG_WARN_ENUM_CONVERSION = YES;
				CLANG_WARN_INFINITE_RECURSION = YES;
				CLANG_WARN_INT_CONVERSION = YES;
				CLANG_WARN_NON_LITERAL_NULL_CONVERSION = YES;
				CLANG_WARN_OBJC_IMPLICIT_RETAIN_SELF = YES;
				CLANG_WARN_OBJC_LITERAL_CONVERSION = YES;
				CLANG_WARN_OBJC_ROOT_CLASS = YES_ERROR;
				CLANG_WARN_RANGE_LOOP_ANALYSIS = YES;
				CLANG_WARN_STRICT_PROTOTYPES = YES;
				CLANG_WARN_SUSPICIOUS_MOVE = YES;
				CLANG_WARN_UNGUARDED_AVAILABILITY = YES_AGGRESSIVE;
				CLANG_WARN_UNREACHABLE_CODE = YES;
				CLANG_WARN__DUPLICATE_METHOD_MATCH = YES;
				COPY_PHASE_STRIP = NO;
				DEBUG_INFORMATION_FORMAT = "dwarf-with-dsym";
				ENABLE_NS_ASSERTIONS = NO;
				ENABLE_STRICT_OBJC_MSGSEND = YES;
				GCC_C_LANGUAGE_STANDARD = gnu11;
				GCC_NO_COMMON_BLOCKS = YES;
				GCC_WARN_64_TO_32_BIT_CONVERSION = YES;
				GCC_WARN_ABOUT_RETURN_TYPE = YES_ERROR;
				GCC_WARN_UNDECLARED_SELECTOR = YES;
				GCC_WARN_UNINITIALIZED_AUTOS = YES_AGGRESSIVE;
				GCC_WARN_UNUSED_FUNCTION = YES;
				GCC_WARN_UNUSED_VARIABLE = YES;
				IPHONEOS_DEPLOYMENT_TARGET = 13.6;
				MTL_ENABLE_DEBUG_INFO = NO;
				MTL_FAST_MATH = YES;
				SDKROOT = iphoneos;
				SWIFT_COMPILATION_MODE = wholemodule;
				SWIFT_OPTIMIZATION_LEVEL = "-O";
				VALIDATE_PRODUCT = YES;
			};
			name = Release;
		};
		6554E7E324D4E09E00081EA9 /* Debug */ = {
			isa = XCBuildConfiguration;
			buildSettings = {
				ASSETCATALOG_COMPILER_APPICON_NAME = AppIcon;
				CODE_SIGN_STYLE = Automatic;
				CURRENT_PROJECT_VERSION = 3;
				DEVELOPMENT_TEAM = XWQQ29E97Q;
				INFOPLIST_FILE = PokeTeam/Info.plist;
				LD_RUNPATH_SEARCH_PATHS = (
					"$(inherited)",
					"@executable_path/Frameworks",
				);
				PRODUCT_BUNDLE_IDENTIFIER = com.jonduenas.PokeTeam;
				PRODUCT_NAME = "$(TARGET_NAME)";
				SWIFT_VERSION = 5.0;
				TARGETED_DEVICE_FAMILY = "1,2";
			};
			name = Debug;
		};
		6554E7E424D4E09E00081EA9 /* Release */ = {
			isa = XCBuildConfiguration;
			buildSettings = {
				ASSETCATALOG_COMPILER_APPICON_NAME = AppIcon;
				CODE_SIGN_STYLE = Automatic;
				CURRENT_PROJECT_VERSION = 3;
				DEVELOPMENT_TEAM = XWQQ29E97Q;
				INFOPLIST_FILE = PokeTeam/Info.plist;
				LD_RUNPATH_SEARCH_PATHS = (
					"$(inherited)",
					"@executable_path/Frameworks",
				);
				PRODUCT_BUNDLE_IDENTIFIER = com.jonduenas.PokeTeam;
				PRODUCT_NAME = "$(TARGET_NAME)";
				SWIFT_VERSION = 5.0;
				TARGETED_DEVICE_FAMILY = "1,2";
			};
			name = Release;
		};
		6554E7E624D4E09E00081EA9 /* Debug */ = {
			isa = XCBuildConfiguration;
			buildSettings = {
				ALWAYS_EMBED_SWIFT_STANDARD_LIBRARIES = YES;
				BUNDLE_LOADER = "$(TEST_HOST)";
				CODE_SIGN_STYLE = Automatic;
				DEVELOPMENT_TEAM = XWQQ29E97Q;
				INFOPLIST_FILE = PokeTeamTests/Info.plist;
				IPHONEOS_DEPLOYMENT_TARGET = 13.6;
				LD_RUNPATH_SEARCH_PATHS = (
					"$(inherited)",
					"@executable_path/Frameworks",
					"@loader_path/Frameworks",
				);
				PRODUCT_BUNDLE_IDENTIFIER = com.jonduenas.PokeTeamTests;
				PRODUCT_NAME = "$(TARGET_NAME)";
				SWIFT_VERSION = 5.0;
				TARGETED_DEVICE_FAMILY = "1,2";
				TEST_HOST = "$(BUILT_PRODUCTS_DIR)/PokeTeam.app/PokeTeam";
			};
			name = Debug;
		};
		6554E7E724D4E09E00081EA9 /* Release */ = {
			isa = XCBuildConfiguration;
			buildSettings = {
				ALWAYS_EMBED_SWIFT_STANDARD_LIBRARIES = YES;
				BUNDLE_LOADER = "$(TEST_HOST)";
				CODE_SIGN_STYLE = Automatic;
				DEVELOPMENT_TEAM = XWQQ29E97Q;
				INFOPLIST_FILE = PokeTeamTests/Info.plist;
				IPHONEOS_DEPLOYMENT_TARGET = 13.6;
				LD_RUNPATH_SEARCH_PATHS = (
					"$(inherited)",
					"@executable_path/Frameworks",
					"@loader_path/Frameworks",
				);
				PRODUCT_BUNDLE_IDENTIFIER = com.jonduenas.PokeTeamTests;
				PRODUCT_NAME = "$(TARGET_NAME)";
				SWIFT_VERSION = 5.0;
				TARGETED_DEVICE_FAMILY = "1,2";
				TEST_HOST = "$(BUILT_PRODUCTS_DIR)/PokeTeam.app/PokeTeam";
			};
			name = Release;
		};
		6554E7E924D4E09E00081EA9 /* Debug */ = {
			isa = XCBuildConfiguration;
			buildSettings = {
				ALWAYS_EMBED_SWIFT_STANDARD_LIBRARIES = YES;
				CODE_SIGN_STYLE = Automatic;
				DEVELOPMENT_TEAM = XWQQ29E97Q;
				INFOPLIST_FILE = PokeTeamUITests/Info.plist;
				LD_RUNPATH_SEARCH_PATHS = (
					"$(inherited)",
					"@executable_path/Frameworks",
					"@loader_path/Frameworks",
				);
				PRODUCT_BUNDLE_IDENTIFIER = com.jonduenas.PokeTeamUITests;
				PRODUCT_NAME = "$(TARGET_NAME)";
				SWIFT_VERSION = 5.0;
				TARGETED_DEVICE_FAMILY = "1,2";
				TEST_TARGET_NAME = PokeTeam;
			};
			name = Debug;
		};
		6554E7EA24D4E09E00081EA9 /* Release */ = {
			isa = XCBuildConfiguration;
			buildSettings = {
				ALWAYS_EMBED_SWIFT_STANDARD_LIBRARIES = YES;
				CODE_SIGN_STYLE = Automatic;
				DEVELOPMENT_TEAM = XWQQ29E97Q;
				INFOPLIST_FILE = PokeTeamUITests/Info.plist;
				LD_RUNPATH_SEARCH_PATHS = (
					"$(inherited)",
					"@executable_path/Frameworks",
					"@loader_path/Frameworks",
				);
				PRODUCT_BUNDLE_IDENTIFIER = com.jonduenas.PokeTeamUITests;
				PRODUCT_NAME = "$(TARGET_NAME)";
				SWIFT_VERSION = 5.0;
				TARGETED_DEVICE_FAMILY = "1,2";
				TEST_TARGET_NAME = PokeTeam;
			};
			name = Release;
		};
/* End XCBuildConfiguration section */

/* Begin XCConfigurationList section */
		6554E7B324D4E09B00081EA9 /* Build configuration list for PBXProject "PokeTeam" */ = {
			isa = XCConfigurationList;
			buildConfigurations = (
				6554E7E024D4E09E00081EA9 /* Debug */,
				6554E7E124D4E09E00081EA9 /* Release */,
			);
			defaultConfigurationIsVisible = 0;
			defaultConfigurationName = Release;
		};
		6554E7E224D4E09E00081EA9 /* Build configuration list for PBXNativeTarget "PokeTeam" */ = {
			isa = XCConfigurationList;
			buildConfigurations = (
				6554E7E324D4E09E00081EA9 /* Debug */,
				6554E7E424D4E09E00081EA9 /* Release */,
			);
			defaultConfigurationIsVisible = 0;
			defaultConfigurationName = Release;
		};
		6554E7E524D4E09E00081EA9 /* Build configuration list for PBXNativeTarget "PokeTeamTests" */ = {
			isa = XCConfigurationList;
			buildConfigurations = (
				6554E7E624D4E09E00081EA9 /* Debug */,
				6554E7E724D4E09E00081EA9 /* Release */,
			);
			defaultConfigurationIsVisible = 0;
			defaultConfigurationName = Release;
		};
		6554E7E824D4E09E00081EA9 /* Build configuration list for PBXNativeTarget "PokeTeamUITests" */ = {
			isa = XCConfigurationList;
			buildConfigurations = (
				6554E7E924D4E09E00081EA9 /* Debug */,
				6554E7EA24D4E09E00081EA9 /* Release */,
			);
			defaultConfigurationIsVisible = 0;
			defaultConfigurationName = Release;
		};
/* End XCConfigurationList section */
	};
	rootObject = 6554E7B024D4E09B00081EA9 /* Project object */;
}
